
Microsoft Visual Studio Solution File, Format Version 11.00
# Visual Studio 2010
Project("{F184B08F-C81C-45F6-A57F-5ABD9991F28F}") = "Registrar", "Registrar.vbproj", "{F8A7E096-4892-4072-83C9-DD8C747B81DC}"
EndProject
Global
	GlobalSection(SolutionConfigurationPlatforms) = preSolution
		Debug|x86 = Debug|x86
		Release|x86 = Release|x86
	EndGlobalSection
	GlobalSection(ProjectConfigurationPlatforms) = postSolution
		{F8A7E096-4892-4072-83C9-DD8C747B81DC}.Debug|x86.ActiveCfg = Debug|x86
		{F8A7E096-4892-4072-83C9-DD8C747B81DC}.Debug|x86.Build.0 = Debug|x86
		{F8A7E096-4892-4072-83C9-DD8C747B81DC}.Release|x86.ActiveCfg = Release|x86
		{F8A7E096-4892-4072-83C9-DD8C747B81DC}.Release|x86.Build.0 = Release|x86
	EndGlobalSection
	GlobalSection(SolutionProperties) = preSolution
		HideSolutionNode = FALSE
	EndGlobalSection
EndGlobal
