
Microsoft Visual Studio Solution File, Format Version 11.00
# Visual Studio 2010
Project("{F184B08F-C81C-45F6-A57F-5ABD9991F28F}") = "CarProject", "CarProject\CarProject.vbproj", "{5A5F66AB-53C9-443A-AFBC-63425B108EAE}"
EndProject
Global
	GlobalSection(SolutionConfigurationPlatforms) = preSolution
		Debug|x86 = Debug|x86
		Release|x86 = Release|x86
	EndGlobalSection
	GlobalSection(ProjectConfigurationPlatforms) = postSolution
		{5A5F66AB-53C9-443A-AFBC-63425B108EAE}.Debug|x86.ActiveCfg = Debug|x86
		{5A5F66AB-53C9-443A-AFBC-63425B108EAE}.Debug|x86.Build.0 = Debug|x86
		{5A5F66AB-53C9-443A-AFBC-63425B108EAE}.Release|x86.ActiveCfg = Release|x86
		{5A5F66AB-53C9-443A-AFBC-63425B108EAE}.Release|x86.Build.0 = Release|x86
	EndGlobalSection
	GlobalSection(SolutionProperties) = preSolution
		HideSolutionNode = FALSE
	EndGlobalSection
EndGlobal
