
Microsoft Visual Studio Solution File, Format Version 11.00
# Visual Studio 2010
Project("{F184B08F-C81C-45F6-A57F-5ABD9991F28F}") = "FileWrite", "FileWrite\FileWrite.vbproj", "{DD5A46D0-1DB8-4BE4-BD55-BEFA2447428A}"
EndProject
Global
	GlobalSection(SolutionConfigurationPlatforms) = preSolution
		Debug|x86 = Debug|x86
		Release|x86 = Release|x86
	EndGlobalSection
	GlobalSection(ProjectConfigurationPlatforms) = postSolution
		{DD5A46D0-1DB8-4BE4-BD55-BEFA2447428A}.Debug|x86.ActiveCfg = Debug|x86
		{DD5A46D0-1DB8-4BE4-BD55-BEFA2447428A}.Debug|x86.Build.0 = Debug|x86
		{DD5A46D0-1DB8-4BE4-BD55-BEFA2447428A}.Release|x86.ActiveCfg = Release|x86
		{DD5A46D0-1DB8-4BE4-BD55-BEFA2447428A}.Release|x86.Build.0 = Release|x86
	EndGlobalSection
	GlobalSection(SolutionProperties) = preSolution
		HideSolutionNode = FALSE
	EndGlobalSection
EndGlobal
