
Microsoft Visual Studio Solution File, Format Version 11.00
# Visual Studio 2010
Project("{F184B08F-C81C-45F6-A57F-5ABD9991F28F}") = "FVTC.Messages.UI", "databaseMySql\FVTC.Messages.UI.vbproj", "{7CF8A08E-311F-4B19-9527-B0303109B022}"
EndProject
Project("{F184B08F-C81C-45F6-A57F-5ABD9991F28F}") = "FVTC.Messages.Data", "FVTC.Messages.Data\FVTC.Messages.Data.vbproj", "{433015DF-2672-423C-BBC0-5DEEE30ABA44}"
EndProject
Project("{F184B08F-C81C-45F6-A57F-5ABD9991F28F}") = "FVTC.Messages.Logic", "FVTC.Messages.Logic\FVTC.Messages.Logic.vbproj", "{2F3F2752-F296-452D-81F0-99EBB6F7E2F2}"
EndProject
Global
	GlobalSection(SolutionConfigurationPlatforms) = preSolution
		Debug|Any CPU = Debug|Any CPU
		Debug|Mixed Platforms = Debug|Mixed Platforms
		Debug|x86 = Debug|x86
		Release|Any CPU = Release|Any CPU
		Release|Mixed Platforms = Release|Mixed Platforms
		Release|x86 = Release|x86
	EndGlobalSection
	GlobalSection(ProjectConfigurationPlatforms) = postSolution
		{7CF8A08E-311F-4B19-9527-B0303109B022}.Debug|Any CPU.ActiveCfg = Debug|x86
		{7CF8A08E-311F-4B19-9527-B0303109B022}.Debug|Mixed Platforms.ActiveCfg = Debug|x86
		{7CF8A08E-311F-4B19-9527-B0303109B022}.Debug|Mixed Platforms.Build.0 = Debug|x86
		{7CF8A08E-311F-4B19-9527-B0303109B022}.Debug|x86.ActiveCfg = Debug|x86
		{7CF8A08E-311F-4B19-9527-B0303109B022}.Debug|x86.Build.0 = Debug|x86
		{7CF8A08E-311F-4B19-9527-B0303109B022}.Release|Any CPU.ActiveCfg = Release|x86
		{7CF8A08E-311F-4B19-9527-B0303109B022}.Release|Mixed Platforms.ActiveCfg = Release|x86
		{7CF8A08E-311F-4B19-9527-B0303109B022}.Release|Mixed Platforms.Build.0 = Release|x86
		{7CF8A08E-311F-4B19-9527-B0303109B022}.Release|x86.ActiveCfg = Release|x86
		{7CF8A08E-311F-4B19-9527-B0303109B022}.Release|x86.Build.0 = Release|x86
		{433015DF-2672-423C-BBC0-5DEEE30ABA44}.Debug|Any CPU.ActiveCfg = Debug|Any CPU
		{433015DF-2672-423C-BBC0-5DEEE30ABA44}.Debug|Any CPU.Build.0 = Debug|Any CPU
		{433015DF-2672-423C-BBC0-5DEEE30ABA44}.Debug|Mixed Platforms.ActiveCfg = Debug|Any CPU
		{433015DF-2672-423C-BBC0-5DEEE30ABA44}.Debug|Mixed Platforms.Build.0 = Debug|Any CPU
		{433015DF-2672-423C-BBC0-5DEEE30ABA44}.Debug|x86.ActiveCfg = Debug|Any CPU
		{433015DF-2672-423C-BBC0-5DEEE30ABA44}.Release|Any CPU.ActiveCfg = Release|Any CPU
		{433015DF-2672-423C-BBC0-5DEEE30ABA44}.Release|Any CPU.Build.0 = Release|Any CPU
		{433015DF-2672-423C-BBC0-5DEEE30ABA44}.Release|Mixed Platforms.ActiveCfg = Release|Any CPU
		{433015DF-2672-423C-BBC0-5DEEE30ABA44}.Release|Mixed Platforms.Build.0 = Release|Any CPU
		{433015DF-2672-423C-BBC0-5DEEE30ABA44}.Release|x86.ActiveCfg = Release|Any CPU
		{2F3F2752-F296-452D-81F0-99EBB6F7E2F2}.Debug|Any CPU.ActiveCfg = Debug|Any CPU
		{2F3F2752-F296-452D-81F0-99EBB6F7E2F2}.Debug|Any CPU.Build.0 = Debug|Any CPU
		{2F3F2752-F296-452D-81F0-99EBB6F7E2F2}.Debug|Mixed Platforms.ActiveCfg = Debug|Any CPU
		{2F3F2752-F296-452D-81F0-99EBB6F7E2F2}.Debug|Mixed Platforms.Build.0 = Debug|Any CPU
		{2F3F2752-F296-452D-81F0-99EBB6F7E2F2}.Debug|x86.ActiveCfg = Debug|Any CPU
		{2F3F2752-F296-452D-81F0-99EBB6F7E2F2}.Release|Any CPU.ActiveCfg = Release|Any CPU
		{2F3F2752-F296-452D-81F0-99EBB6F7E2F2}.Release|Any CPU.Build.0 = Release|Any CPU
		{2F3F2752-F296-452D-81F0-99EBB6F7E2F2}.Release|Mixed Platforms.ActiveCfg = Release|Any CPU
		{2F3F2752-F296-452D-81F0-99EBB6F7E2F2}.Release|Mixed Platforms.Build.0 = Release|Any CPU
		{2F3F2752-F296-452D-81F0-99EBB6F7E2F2}.Release|x86.ActiveCfg = Release|Any CPU
	EndGlobalSection
	GlobalSection(SolutionProperties) = preSolution
		HideSolutionNode = FALSE
	EndGlobalSection
EndGlobal
